// !$*UTF8*$!
{
	archiveVersion = 1;
	classes = {
	};
	objectVersion = 56;
	objects = {

/* Begin PBXBuildFile section */
		A27F554D2B16CA8B0085C276 /* PropertyWrappersApp.swift in Sources */ = {isa = PBXBuildFile; fileRef = A27F554C2B16CA8B0085C276 /* PropertyWrappersApp.swift */; };
		A27F554F2B16CA8B0085C276 /* ContentView.swift in Sources */ = {isa = PBXBuildFile; fileRef = A27F554E2B16CA8B0085C276 /* ContentView.swift */; };
		A27F55512B16CA8C0085C276 /* Assets.xcassets in Resources */ = {isa = PBXBuildFile; fileRef = A27F55502B16CA8C0085C276 /* Assets.xcassets */; };
		A27F55542B16CA8C0085C276 /* Preview Assets.xcassets in Resources */ = {isa = PBXBuildFile; fileRef = A27F55532B16CA8C0085C276 /* Preview Assets.xcassets */; };
		A27F555E2B16CA8C0085C276 /* PropertyWrappersTests.swift in Sources */ = {isa = PBXBuildFile; fileRef = A27F555D2B16CA8C0085C276 /* PropertyWrappersTests.swift */; };
		A27F55682B16CA8C0085C276 /* PropertyWrappersUITests.swift in Sources */ = {isa = PBXBuildFile; fileRef = A27F55672B16CA8C0085C276 /* PropertyWrappersUITests.swift */; };
		A27F556A2B16CA8C0085C276 /* PropertyWrappersUITestsLaunchTests.swift in Sources */ = {isa = PBXBuildFile; fileRef = A27F55692B16CA8C0085C276 /* PropertyWrappersUITestsLaunchTests.swift */; };
/* End PBXBuildFile section */

/* Begin PBXContainerItemProxy section */
		A27F555A2B16CA8C0085C276 /* PBXContainerItemProxy */ = {
			isa = PBXContainerItemProxy;
			containerPortal = A27F55412B16CA8B0085C276 /* Project object */;
			proxyType = 1;
			remoteGlobalIDString = A27F55482B16CA8B0085C276;
			remoteInfo = PropertyWrappers;
		};
		A27F55642B16CA8C0085C276 /* PBXContainerItemProxy */ = {
			isa = PBXContainerItemProxy;
			containerPortal = A27F55412B16CA8B0085C276 /* Project object */;
			proxyType = 1;
			remoteGlobalIDString = A27F55482B16CA8B0085C276;
			remoteInfo = PropertyWrappers;
		};
/* End PBXContainerItemProxy section */

/* Begin PBXFileReference section */
		A27F55492B16CA8B0085C276 /* PropertyWrappers.app */ = {isa = PBXFileReference; explicitFileType = wrapper.application; includeInIndex = 0; path = PropertyWrappers.app; sourceTree = BUILT_PRODUCTS_DIR; };
		A27F554C2B16CA8B0085C276 /* PropertyWrappersApp.swift */ = {isa = PBXFileReference; lastKnownFileType = sourcecode.swift; path = PropertyWrappersApp.swift; sourceTree = "<group>"; };
		A27F554E2B16CA8B0085C276 /* ContentView.swift */ = {isa = PBXFileReference; lastKnownFileType = sourcecode.swift; path = ContentView.swift; sourceTree = "<group>"; };
		A27F55502B16CA8C0085C276 /* Assets.xcassets */ = {isa = PBXFileReference; lastKnownFileType = folder.assetcatalog; path = Assets.xcassets; sourceTree = "<group>"; };
		A27F55532B16CA8C0085C276 /* Preview Assets.xcassets */ = {isa = PBXFileReference; lastKnownFileType = folder.assetcatalog; path = "Preview Assets.xcassets"; sourceTree = "<group>"; };
		A27F55592B16CA8C0085C276 /* PropertyWrappersTests.xctest */ = {isa = PBXFileReference; explicitFileType = wrapper.cfbundle; includeInIndex = 0; path = PropertyWrappersTests.xctest; sourceTree = BUILT_PRODUCTS_DIR; };
		A27F555D2B16CA8C0085C276 /* PropertyWrappersTests.swift */ = {isa = PBXFileReference; lastKnownFileType = sourcecode.swift; path = PropertyWrappersTests.swift; sourceTree = "<group>"; };
		A27F55632B16CA8C0085C276 /* PropertyWrappersUITests.xctest */ = {isa = PBXFileReference; explicitFileType = wrapper.cfbundle; includeInIndex = 0; path = PropertyWrappersUITests.xctest; sourceTree = BUILT_PRODUCTS_DIR; };
		A27F55672B16CA8C0085C276 /* PropertyWrappersUITests.swift */ = {isa = PBXFileReference; lastKnownFileType = sourcecode.swift; path = PropertyWrappersUITests.swift; sourceTree = "<group>"; };
		A27F55692B16CA8C0085C276 /* PropertyWrappersUITestsLaunchTests.swift */ = {isa = PBXFileReference; lastKnownFileType = sourcecode.swift; path = PropertyWrappersUITestsLaunchTests.swift; sourceTree = "<group>"; };
/* End PBXFileReference section */

/* Begin PBXFrameworksBuildPhase section */
		A27F55462B16CA8B0085C276 /* Frameworks */ = {
			isa = PBXFrameworksBuildPhase;
			buildActionMask = 2147483647;
			files = (
			);
			runOnlyForDeploymentPostprocessing = 0;
		};
		A27F55562B16CA8C0085C276 /* Frameworks */ = {
			isa = PBXFrameworksBuildPhase;
			buildActionMask = 2147483647;
			files = (
			);
			runOnlyForDeploymentPostprocessing = 0;
		};
		A27F55602B16CA8C0085C276 /* Frameworks */ = {
			isa = PBXFrameworksBuildPhase;
			buildActionMask = 2147483647;
			files = (
			);
			runOnlyForDeploymentPostprocessing = 0;
		};
/* End PBXFrameworksBuildPhase section */

/* Begin PBXGroup section */
		A27F55402B16CA8A0085C276 = {
			isa = PBXGroup;
			children = (
				A27F554B2B16CA8B0085C276 /* PropertyWrappers */,
				A27F555C2B16CA8C0085C276 /* PropertyWrappersTests */,
				A27F55662B16CA8C0085C276 /* PropertyWrappersUITests */,
				A27F554A2B16CA8B0085C276 /* Products */,
			);
			sourceTree = "<group>";
		};
		A27F554A2B16CA8B0085C276 /* Products */ = {
			isa = PBXGroup;
			children = (
				A27F55492B16CA8B0085C276 /* PropertyWrappers.app */,
				A27F55592B16CA8C0085C276 /* PropertyWrappersTests.xctest */,
				A27F55632B16CA8C0085C276 /* PropertyWrappersUITests.xctest */,
			);
			name = Products;
			sourceTree = "<group>";
		};
		A27F554B2B16CA8B0085C276 /* PropertyWrappers */ = {
			isa = PBXGroup;
			children = (
				A27F554C2B16CA8B0085C276 /* PropertyWrappersApp.swift */,
				A27F554E2B16CA8B0085C276 /* ContentView.swift */,
				A27F55502B16CA8C0085C276 /* Assets.xcassets */,
				A27F55522B16CA8C0085C276 /* Preview Content */,
			);
			path = PropertyWrappers;
			sourceTree = "<group>";
		};
		A27F55522B16CA8C0085C276 /* Preview Content */ = {
			isa = PBXGroup;
			children = (
				A27F55532B16CA8C0085C276 /* Preview Assets.xcassets */,
			);
			path = "Preview Content";
			sourceTree = "<group>";
		};
		A27F555C2B16CA8C0085C276 /* PropertyWrappersTests */ = {
			isa = PBXGroup;
			children = (
				A27F555D2B16CA8C0085C276 /* PropertyWrappersTests.swift */,
			);
			path = PropertyWrappersTests;
			sourceTree = "<group>";
		};
		A27F55662B16CA8C0085C276 /* PropertyWrappersUITests */ = {
			isa = PBXGroup;
			children = (
				A27F55672B16CA8C0085C276 /* PropertyWrappersUITests.swift */,
				A27F55692B16CA8C0085C276 /* PropertyWrappersUITestsLaunchTests.swift */,
			);
			path = PropertyWrappersUITests;
			sourceTree = "<group>";
		};
/* End PBXGroup section */

/* Begin PBXNativeTarget section */
		A27F55482B16CA8B0085C276 /* PropertyWrappers */ = {
			isa = PBXNativeTarget;
			buildConfigurationList = A27F556D2B16CA8C0085C276 /* Build configuration list for PBXNativeTarget "PropertyWrappers" */;
			buildPhases = (
				A27F55452B16CA8B0085C276 /* Sources */,
				A27F55462B16CA8B0085C276 /* Frameworks */,
				A27F55472B16CA8B0085C276 /* Resources */,
			);
			buildRules = (
			);
			dependencies = (
			);
			name = PropertyWrappers;
			productName = PropertyWrappers;
			productReference = A27F55492B16CA8B0085C276 /* PropertyWrappers.app */;
			productType = "com.apple.product-type.application";
		};
		A27F55582B16CA8C0085C276 /* PropertyWrappersTests */ = {
			isa = PBXNativeTarget;
			buildConfigurationList = A27F55702B16CA8C0085C276 /* Build configuration list for PBXNativeTarget "PropertyWrappersTests" */;
			buildPhases = (
				A27F55552B16CA8C0085C276 /* Sources */,
				A27F55562B16CA8C0085C276 /* Frameworks */,
				A27F55572B16CA8C0085C276 /* Resources */,
			);
			buildRules = (
			);
			dependencies = (
				A27F555B2B16CA8C0085C276 /* PBXTargetDependency */,
			);
			name = PropertyWrappersTests;
			productName = PropertyWrappersTests;
			productReference = A27F55592B16CA8C0085C276 /* PropertyWrappersTests.xctest */;
			productType = "com.apple.product-type.bundle.unit-test";
		};
		A27F55622B16CA8C0085C276 /* PropertyWrappersUITests */ = {
			isa = PBXNativeTarget;
			buildConfigurationList = A27F55732B16CA8C0085C276 /* Build configuration list for PBXNativeTarget "PropertyWrappersUITests" */;
			buildPhases = (
				A27F555F2B16CA8C0085C276 /* Sources */,
				A27F55602B16CA8C0085C276 /* Frameworks */,
				A27F55612B16CA8C0085C276 /* Resources */,
			);
			buildRules = (
			);
			dependencies = (
				A27F55652B16CA8C0085C276 /* PBXTargetDependency */,
			);
			name = PropertyWrappersUITests;
			productName = PropertyWrappersUITests;
			productReference = A27F55632B16CA8C0085C276 /* PropertyWrappersUITests.xctest */;
			productType = "com.apple.product-type.bundle.ui-testing";
		};
/* End PBXNativeTarget section */

/* Begin PBXProject section */
		A27F55412B16CA8B0085C276 /* Project object */ = {
			isa = PBXProject;
			attributes = {
				BuildIndependentTargetsInParallel = 1;
				LastSwiftUpdateCheck = 1500;
				LastUpgradeCheck = 1500;
				TargetAttributes = {
					A27F55482B16CA8B0085C276 = {
						CreatedOnToolsVersion = 15.0.1;
					};
					A27F55582B16CA8C0085C276 = {
						CreatedOnToolsVersion = 15.0.1;
						TestTargetID = A27F55482B16CA8B0085C276;
					};
					A27F55622B16CA8C0085C276 = {
						CreatedOnToolsVersion = 15.0.1;
						TestTargetID = A27F55482B16CA8B0085C276;
					};
				};
			};
			buildConfigurationList = A27F55442B16CA8B0085C276 /* Build configuration list for PBXProject "PropertyWrappers" */;
			compatibilityVersion = "Xcode 14.0";
			developmentRegion = en;
			hasScannedForEncodings = 0;
			knownRegions = (
				en,
				Base,
			);
			mainGroup = A27F55402B16CA8A0085C276;
			productRefGroup = A27F554A2B16CA8B0085C276 /* Products */;
			projectDirPath = "";
			projectRoot = "";
			targets = (
				A27F55482B16CA8B0085C276 /* PropertyWrappers */,
				A27F55582B16CA8C0085C276 /* PropertyWrappersTests */,
				A27F55622B16CA8C0085C276 /* PropertyWrappersUITests */,
			);
		};
/* End PBXProject section */

/* Begin PBXResourcesBuildPhase section */
		A27F55472B16CA8B0085C276 /* Resources */ = {
			isa = PBXResourcesBuildPhase;
			buildActionMask = 2147483647;
			files = (
				A27F55542B16CA8C0085C276 /* Preview Assets.xcassets in Resources */,
				A27F55512B16CA8C0085C276 /* Assets.xcassets in Resources */,
			);
			runOnlyForDeploymentPostprocessing = 0;
		};
		A27F55572B16CA8C0085C276 /* Resources */ = {
			isa = PBXResourcesBuildPhase;
			buildActionMask = 2147483647;
			files = (
			);
			runOnlyForDeploymentPostprocessing = 0;
		};
		A27F55612B16CA8C0085C276 /* Resources */ = {
			isa = PBXResourcesBuildPhase;
			buildActionMask = 2147483647;
			files = (
			);
			runOnlyForDeploymentPostprocessing = 0;
		};
/* End PBXResourcesBuildPhase section */

/* Begin PBXSourcesBuildPhase section */
		A27F55452B16CA8B0085C276 /* Sources */ = {
			isa = PBXSourcesBuildPhase;
			buildActionMask = 2147483647;
			files = (
				A27F554F2B16CA8B0085C276 /* ContentView.swift in Sources */,
				A27F554D2B16CA8B0085C276 /* PropertyWrappersApp.swift in Sources */,
			);
			runOnlyForDeploymentPostprocessing = 0;
		};
		A27F55552B16CA8C0085C276 /* Sources */ = {
			isa = PBXSourcesBuildPhase;
			buildActionMask = 2147483647;
			files = (
				A27F555E2B16CA8C0085C276 /* PropertyWrappersTests.swift in Sources */,
			);
			runOnlyForDeploymentPostprocessing = 0;
		};
		A27F555F2B16CA8C0085C276 /* Sources */ = {
			isa = PBXSourcesBuildPhase;
			buildActionMask = 2147483647;
			files = (
				A27F55682B16CA8C0085C276 /* PropertyWrappersUITests.swift in Sources */,
				A27F556A2B16CA8C0085C276 /* PropertyWrappersUITestsLaunchTests.swift in Sources */,
			);
			runOnlyForDeploymentPostprocessing = 0;
		};
/* End PBXSourcesBuildPhase section */

/* Begin PBXTargetDependency section */
		A27F555B2B16CA8C0085C276 /* PBXTargetDependency */ = {
			isa = PBXTargetDependency;
			target = A27F55482B16CA8B0085C276 /* PropertyWrappers */;
			targetProxy = A27F555A2B16CA8C0085C276 /* PBXContainerItemProxy */;
		};
		A27F55652B16CA8C0085C276 /* PBXTargetDependency */ = {
			isa = PBXTargetDependency;
			target = A27F55482B16CA8B0085C276 /* PropertyWrappers */;
			targetProxy = A27F55642B16CA8C0085C276 /* PBXContainerItemProxy */;
		};
/* End PBXTargetDependency section */

/* Begin XCBuildConfiguration section */
		A27F556B2B16CA8C0085C276 /* Debug */ = {
			isa = XCBuildConfiguration;
			buildSettings = {
				ALWAYS_SEARCH_USER_PATHS = NO;
				ASSETCATALOG_COMPILER_GENERATE_SWIFT_ASSET_SYMBOL_EXTENSIONS = YES;
				CLANG_ANALYZER_NONNULL = YES;
				CLANG_ANALYZER_NUMBER_OBJECT_CONVERSION = YES_AGGRESSIVE;
				CLANG_CXX_LANGUAGE_STANDARD = "gnu++20";
				CLANG_ENABLE_MODULES = YES;
				CLANG_ENABLE_OBJC_ARC = YES;
				CLANG_ENABLE_OBJC_WEAK = YES;
				CLANG_WARN_BLOCK_CAPTURE_AUTORELEASING = YES;
				CLANG_WARN_BOOL_CONVERSION = YES;
				CLANG_WARN_COMMA = YES;
				CLANG_WARN_CONSTANT_CONVERSION = YES;
				CLANG_WARN_DEPRECATED_OBJC_IMPLEMENTATIONS = YES;
				CLANG_WARN_DIRECT_OBJC_ISA_USAGE = YES_ERROR;
				CLANG_WARN_DOCUMENTATION_COMMENTS = YES;
				CLANG_WARN_EMPTY_BODY = YES;
				CLANG_WARN_ENUM_CONVERSION = YES;
				CLANG_WARN_INFINITE_RECURSION = YES;
				CLANG_WARN_INT_CONVERSION = YES;
				CLANG_WARN_NON_LITERAL_NULL_CONVERSION = YES;
				CLANG_WARN_OBJC_IMPLICIT_RETAIN_SELF = YES;
				CLANG_WARN_OBJC_LITERAL_CONVERSION = YES;
				CLANG_WARN_OBJC_ROOT_CLASS = YES_ERROR;
				CLANG_WARN_QUOTED_INCLUDE_IN_FRAMEWORK_HEADER = YES;
				CLANG_WARN_RANGE_LOOP_ANALYSIS = YES;
				CLANG_WARN_STRICT_PROTOTYPES = YES;
				CLANG_WARN_SUSPICIOUS_MOVE = YES;
				CLANG_WARN_UNGUARDED_AVAILABILITY = YES_AGGRESSIVE;
				CLANG_WARN_UNREACHABLE_CODE = YES;
				CLANG_WARN__DUPLICATE_METHOD_MATCH = YES;
				COPY_PHASE_STRIP = NO;
				DEBUG_INFORMATION_FORMAT = dwarf;
				ENABLE_STRICT_OBJC_MSGSEND = YES;
				ENABLE_TESTABILITY = YES;
				ENABLE_USER_SCRIPT_SANDBOXING = YES;
				GCC_C_LANGUAGE_STANDARD = gnu17;
				GCC_DYNAMIC_NO_PIC = NO;
				GCC_NO_COMMON_BLOCKS = YES;
				GCC_OPTIMIZATION_LEVEL = 0;
				GCC_PREPROCESSOR_DEFINITIONS = (
					"DEBUG=1",
					"$(inherited)",
				);
				GCC_WARN_64_TO_32_BIT_CONVERSION = YES;
				GCC_WARN_ABOUT_RETURN_TYPE = YES_ERROR;
				GCC_WARN_UNDECLARED_SELECTOR = YES;
				GCC_WARN_UNINITIALIZED_AUTOS = YES_AGGRESSIVE;
				GCC_WARN_UNUSED_FUNCTION = YES;
				GCC_WARN_UNUSED_VARIABLE = YES;
				IPHONEOS_DEPLOYMENT_TARGET = 17.0;
				LOCALIZATION_PREFERS_STRING_CATALOGS = YES;
				MTL_ENABLE_DEBUG_INFO = INCLUDE_SOURCE;
				MTL_FAST_MATH = YES;
				ONLY_ACTIVE_ARCH = YES;
				SDKROOT = iphoneos;
				SWIFT_ACTIVE_COMPILATION_CONDITIONS = "DEBUG $(inherited)";
				SWIFT_OPTIMIZATION_LEVEL = "-Onone";
			};
			name = Debug;
		};
		A27F556C2B16CA8C0085C276 /* Release */ = {
			isa = XCBuildConfiguration;
			buildSettings = {
				ALWAYS_SEARCH_USER_PATHS = NO;
				ASSETCATALOG_COMPILER_GENERATE_SWIFT_ASSET_SYMBOL_EXTENSIONS = YES;
				CLANG_ANALYZER_NONNULL = YES;
				CLANG_ANALYZER_NUMBER_OBJECT_CONVERSION = YES_AGGRESSIVE;
				CLANG_CXX_LANGUAGE_STANDARD = "gnu++20";
				CLANG_ENABLE_MODULES = YES;
				CLANG_ENABLE_OBJC_ARC = YES;
				CLANG_ENABLE_OBJC_WEAK = YES;
				CLANG_WARN_BLOCK_CAPTURE_AUTORELEASING = YES;
				CLANG_WARN_BOOL_CONVERSION = YES;
				CLANG_WARN_COMMA = YES;
				CLANG_WARN_CONSTANT_CONVERSION = YES;
				CLANG_WARN_DEPRECATED_OBJC_IMPLEMENTATIONS = YES;
				CLANG_WARN_DIRECT_OBJC_ISA_USAGE = YES_ERROR;
				CLANG_WARN_DOCUMENTATION_COMMENTS = YES;
				CLANG_WARN_EMPTY_BODY = YES;
				CLANG_WARN_ENUM_CONVERSION = YES;
				CLANG_WARN_INFINITE_RECURSION = YES;
				CLANG_WARN_INT_CONVERSION = YES;
				CLANG_WARN_NON_LITERAL_NULL_CONVERSION = YES;
				CLANG_WARN_OBJC_IMPLICIT_RETAIN_SELF = YES;
				CLANG_WARN_OBJC_LITERAL_CONVERSION = YES;
				CLANG_WARN_OBJC_ROOT_CLASS = YES_ERROR;
				CLANG_WARN_QUOTED_INCLUDE_IN_FRAMEWORK_HEADER = YES;
				CLANG_WARN_RANGE_LOOP_ANALYSIS = YES;
				CLANG_WARN_STRICT_PROTOTYPES = YES;
				CLANG_WARN_SUSPICIOUS_MOVE = YES;
				CLANG_WARN_UNGUARDED_AVAILABILITY = YES_AGGRESSIVE;
				CLANG_WARN_UNREACHABLE_CODE = YES;
				CLANG_WARN__DUPLICATE_METHOD_MATCH = YES;
				COPY_PHASE_STRIP = NO;
				DEBUG_INFORMATION_FORMAT = "dwarf-with-dsym";
				ENABLE_NS_ASSERTIONS = NO;
				ENABLE_STRICT_OBJC_MSGSEND = YES;
				ENABLE_USER_SCRIPT_SANDBOXING = YES;
				GCC_C_LANGUAGE_STANDARD = gnu17;
				GCC_NO_COMMON_BLOCKS = YES;
				GCC_WARN_64_TO_32_BIT_CONVERSION = YES;
				GCC_WARN_ABOUT_RETURN_TYPE = YES_ERROR;
				GCC_WARN_UNDECLARED_SELECTOR = YES;
				GCC_WARN_UNINITIALIZED_AUTOS = YES_AGGRESSIVE;
				GCC_WARN_UNUSED_FUNCTION = YES;
				GCC_WARN_UNUSED_VARIABLE = YES;
				IPHONEOS_DEPLOYMENT_TARGET = 17.0;
				LOCALIZATION_PREFERS_STRING_CATALOGS = YES;
				MTL_ENABLE_DEBUG_INFO = NO;
				MTL_FAST_MATH = YES;
				SDKROOT = iphoneos;
				SWIFT_COMPILATION_MODE = wholemodule;
				VALIDATE_PRODUCT = YES;
			};
			name = Release;
		};
		A27F556E2B16CA8C0085C276 /* Debug */ = {
			isa = XCBuildConfiguration;
			buildSettings = {
				ASSETCATALOG_COMPILER_APPICON_NAME = AppIcon;
				ASSETCATALOG_COMPILER_GLOBAL_ACCENT_COLOR_NAME = AccentColor;
				CODE_SIGN_STYLE = Automatic;
				CURRENT_PROJECT_VERSION = 1;
				DEVELOPMENT_ASSET_PATHS = "\"PropertyWrappers/Preview Content\"";
				ENABLE_PREVIEWS = YES;
				GENERATE_INFOPLIST_FILE = YES;
				INFOPLIST_KEY_UIApplicationSceneManifest_Generation = YES;
				INFOPLIST_KEY_UIApplicationSupportsIndirectInputEvents = YES;
				INFOPLIST_KEY_UILaunchScreen_Generation = YES;
				INFOPLIST_KEY_UISupportedInterfaceOrientations_iPad = "UIInterfaceOrientationPortrait UIInterfaceOrientationPortraitUpsideDown UIInterfaceOrientationLandscapeLeft UIInterfaceOrientationLandscapeRight";
				INFOPLIST_KEY_UISupportedInterfaceOrientations_iPhone = "UIInterfaceOrientationPortrait UIInterfaceOrientationLandscapeLeft UIInterfaceOrientationLandscapeRight";
				LD_RUNPATH_SEARCH_PATHS = (
					"$(inherited)",
					"@executable_path/Frameworks",
				);
				MARKETING_VERSION = 1.0;
				PRODUCT_BUNDLE_IDENTIFIER = com.saba.dev.PropertyWrappers;
				PRODUCT_NAME = "$(TARGET_NAME)";
				SWIFT_EMIT_LOC_STRINGS = YES;
				SWIFT_VERSION = 5.0;
				TARGETED_DEVICE_FAMILY = "1,2";
			};
			name = Debug;
		};
		A27F556F2B16CA8C0085C276 /* Release */ = {
			isa = XCBuildConfiguration;
			buildSettings = {
				ASSETCATALOG_COMPILER_APPICON_NAME = AppIcon;
				ASSETCATALOG_COMPILER_GLOBAL_ACCENT_COLOR_NAME = AccentColor;
				CODE_SIGN_STYLE = Automatic;
				CURRENT_PROJECT_VERSION = 1;
				DEVELOPMENT_ASSET_PATHS = "\"PropertyWrappers/Preview Content\"";
				ENABLE_PREVIEWS = YES;
				GENERATE_INFOPLIST_FILE = YES;
				INFOPLIST_KEY_UIApplicationSceneManifest_Generation = YES;
				INFOPLIST_KEY_UIApplicationSupportsIndirectInputEvents = YES;
				INFOPLIST_KEY_UILaunchScreen_Generation = YES;
				INFOPLIST_KEY_UISupportedInterfaceOrientations_iPad = "UIInterfaceOrientationPortrait UIInterfaceOrientationPortraitUpsideDown UIInterfaceOrientationLandscapeLeft UIInterfaceOrientationLandscapeRight";
				INFOPLIST_KEY_UISupportedInterfaceOrientations_iPhone = "UIInterfaceOrientationPortrait UIInterfaceOrientationLandscapeLeft UIInterfaceOrientationLandscapeRight";
				LD_RUNPATH_SEARCH_PATHS = (
					"$(inherited)",
					"@executable_path/Frameworks",
				);
				MARKETING_VERSION = 1.0;
				PRODUCT_BUNDLE_IDENTIFIER = com.saba.dev.PropertyWrappers;
				PRODUCT_NAME = "$(TARGET_NAME)";
				SWIFT_EMIT_LOC_STRINGS = YES;
				SWIFT_VERSION = 5.0;
				TARGETED_DEVICE_FAMILY = "1,2";
			};
			name = Release;
		};
		A27F55712B16CA8C0085C276 /* Debug */ = {
			isa = XCBuildConfiguration;
			buildSettings = {
				ALWAYS_EMBED_SWIFT_STANDARD_LIBRARIES = YES;
				BUNDLE_LOADER = "$(TEST_HOST)";
				CODE_SIGN_STYLE = Automatic;
				CURRENT_PROJECT_VERSION = 1;
				GENERATE_INFOPLIST_FILE = YES;
				IPHONEOS_DEPLOYMENT_TARGET = 17.0;
				MARKETING_VERSION = 1.0;
				PRODUCT_BUNDLE_IDENTIFIER = com.saba.dev.PropertyWrappersTests;
				PRODUCT_NAME = "$(TARGET_NAME)";
				SWIFT_EMIT_LOC_STRINGS = NO;
				SWIFT_VERSION = 5.0;
				TARGETED_DEVICE_FAMILY = "1,2";
				TEST_HOST = "$(BUILT_PRODUCTS_DIR)/PropertyWrappers.app/$(BUNDLE_EXECUTABLE_FOLDER_PATH)/PropertyWrappers";
			};
			name = Debug;
		};
		A27F55722B16CA8C0085C276 /* Release */ = {
			isa = XCBuildConfiguration;
			buildSettings = {
				ALWAYS_EMBED_SWIFT_STANDARD_LIBRARIES = YES;
				BUNDLE_LOADER = "$(TEST_HOST)";
				CODE_SIGN_STYLE = Automatic;
				CURRENT_PROJECT_VERSION = 1;
				GENERATE_INFOPLIST_FILE = YES;
				IPHONEOS_DEPLOYMENT_TARGET = 17.0;
				MARKETING_VERSION = 1.0;
				PRODUCT_BUNDLE_IDENTIFIER = com.saba.dev.PropertyWrappersTests;
				PRODUCT_NAME = "$(TARGET_NAME)";
				SWIFT_EMIT_LOC_STRINGS = NO;
				SWIFT_VERSION = 5.0;
				TARGETED_DEVICE_FAMILY = "1,2";
				TEST_HOST = "$(BUILT_PRODUCTS_DIR)/PropertyWrappers.app/$(BUNDLE_EXECUTABLE_FOLDER_PATH)/PropertyWrappers";
			};
			name = Release;
		};
		A27F55742B16CA8C0085C276 /* Debug */ = {
			isa = XCBuildConfiguration;
			buildSettings = {
				ALWAYS_EMBED_SWIFT_STANDARD_LIBRARIES = YES;
				CODE_SIGN_STYLE = Automatic;
				CURRENT_PROJECT_VERSION = 1;
				GENERATE_INFOPLIST_FILE = YES;
				MARKETING_VERSION = 1.0;
				PRODUCT_BUNDLE_IDENTIFIER = com.saba.dev.PropertyWrappersUITests;
				PRODUCT_NAME = "$(TARGET_NAME)";
				SWIFT_EMIT_LOC_STRINGS = NO;
				SWIFT_VERSION = 5.0;
				TARGETED_DEVICE_FAMILY = "1,2";
				TEST_TARGET_NAME = PropertyWrappers;
			};
			name = Debug;
		};
		A27F55752B16CA8C0085C276 /* Release */ = {
			isa = XCBuildConfiguration;
			buildSettings = {
				ALWAYS_EMBED_SWIFT_STANDARD_LIBRARIES = YES;
				CODE_SIGN_STYLE = Automatic;
				CURRENT_PROJECT_VERSION = 1;
				GENERATE_INFOPLIST_FILE = YES;
				MARKETING_VERSION = 1.0;
				PRODUCT_BUNDLE_IDENTIFIER = com.saba.dev.PropertyWrappersUITests;
				PRODUCT_NAME = "$(TARGET_NAME)";
				SWIFT_EMIT_LOC_STRINGS = NO;
				SWIFT_VERSION = 5.0;
				TARGETED_DEVICE_FAMILY = "1,2";
				TEST_TARGET_NAME = PropertyWrappers;
			};
			name = Release;
		};
/* End XCBuildConfiguration section */

/* Begin XCConfigurationList section */
		A27F55442B16CA8B0085C276 /* Build configuration list for PBXProject "PropertyWrappers" */ = {
			isa = XCConfigurationList;
			buildConfigurations = (
				A27F556B2B16CA8C0085C276 /* Debug */,
				A27F556C2B16CA8C0085C276 /* Release */,
			);
			defaultConfigurationIsVisible = 0;
			defaultConfigurationName = Release;
		};
		A27F556D2B16CA8C0085C276 /* Build configuration list for PBXNativeTarget "PropertyWrappers" */ = {
			isa = XCConfigurationList;
			buildConfigurations = (
				A27F556E2B16CA8C0085C276 /* Debug */,
				A27F556F2B16CA8C0085C276 /* Release */,
			);
			defaultConfigurationIsVisible = 0;
			defaultConfigurationName = Release;
		};
		A27F55702B16CA8C0085C276 /* Build configuration list for PBXNativeTarget "PropertyWrappersTests" */ = {
			isa = XCConfigurationList;
			buildConfigurations = (
				A27F55712B16CA8C0085C276 /* Debug */,
				A27F55722B16CA8C0085C276 /* Release */,
			);
			defaultConfigurationIsVisible = 0;
			defaultConfigurationName = Release;
		};
		A27F55732B16CA8C0085C276 /* Build configuration list for PBXNativeTarget "PropertyWrappersUITests" */ = {
			isa = XCConfigurationList;
			buildConfigurations = (
				A27F55742B16CA8C0085C276 /* Debug */,
				A27F55752B16CA8C0085C276 /* Release */,
			);
			defaultConfigurationIsVisible = 0;
			defaultConfigurationName = Release;
		};
/* End XCConfigurationList section */
	};
	rootObject = A27F55412B16CA8B0085C276 /* Project object */;
}
